
Microsoft Visual Studio Solution File, Format Version 12.00
# Visual Studio Version 16
VisualStudioVersion = 16.0.30204.135
MinimumVisualStudioVersion = 10.0.40219.1
Project("{9A19103F-16F7-4668-BE54-9A1E7A4F7556}") = "DesignPattern", "DesignPattern\DesignPattern.csproj", "{F3F601BF-C099-4D0D-80B8-795050AB1F9B}"
EndProject
Project("{9A19103F-16F7-4668-BE54-9A1E7A4F7556}") = "Structural_05_Facade", "05_Facade\Structural_05_Facade.csproj", "{B8155E78-9BBB-47D3-98AC-25E556872C2D}"
EndProject
Project("{9A19103F-16F7-4668-BE54-9A1E7A4F7556}") = "Structural_06_Composite", "06_Composite\Structural_06_Composite.csproj", "{481C9C46-9AEF-45A0-BB1B-DB571070F1CF}"
EndProject
Project("{9A19103F-16F7-4668-BE54-9A1E7A4F7556}") = "Structural_01_Bridge", "01_Bridge\Structural_01_Bridge.csproj", "{FD48D02D-4718-43CE-A0F8-EC1BD0E7A7E2}"
EndProject
Project("{9A19103F-16F7-4668-BE54-9A1E7A4F7556}") = "Structural_02_Proxy", "02_Proxy\Structural_02_Proxy.csproj", "{1147819A-2BED-4E77-9E0A-51C25A7E8807}"
EndProject
Project("{9A19103F-16F7-4668-BE54-9A1E7A4F7556}") = "Structural_03_Decorator", "03_Decorator\Structural_03_Decorator.csproj", "{25DAA785-5F3B-4FA5-80C2-7F83113F0A9A}"
EndProject
Project("{9A19103F-16F7-4668-BE54-9A1E7A4F7556}") = "Structural_04_Adapter", "04_Adapter\Structural_04_Adapter.csproj", "{D1870820-3AA8-41C3-80F3-4874598874AD}"
EndProject
Project("{9A19103F-16F7-4668-BE54-9A1E7A4F7556}") = "Behavioral_01_Observer", "07_Behavioral_Observer\Behavioral_01_Observer.csproj", "{AA7FE867-D6BE-4091-9BD0-482473C5BDD0}"
EndProject
Project("{9A19103F-16F7-4668-BE54-9A1E7A4F7556}") = "Behavioral_02_Template", "08_Behavioral_Template\Behavioral_02_Template.csproj", "{AB5C31E2-F136-45BF-BB7C-9D40DD664A9C}"
EndProject
Project("{9A19103F-16F7-4668-BE54-9A1E7A4F7556}") = "Behavioral_03_Strategy", "09_Behavioral_Strategy\Behavioral_03_Strategy.csproj", "{FE87921B-27D2-4117-B241-BB54A3CCCA4E}"
EndProject
Project("{9A19103F-16F7-4668-BE54-9A1E7A4F7556}") = "Creational_01_Singleton", "Creational_01_Singleton\Creational_01_Singleton.csproj", "{6F44E8D0-1E49-412E-B0D6-F65BAA2DCA11}"
EndProject
Project("{FAE04EC0-301F-11D3-BF4B-00C04F79EFBC}") = "Creational_02_Factory", "Creational_02_Factory\Creational_02_Factory.csproj", "{1E762FF2-A21E-42BB-8091-7DD108EFF941}"
EndProject
Project("{FAE04EC0-301F-11D3-BF4B-00C04F79EFBC}") = "Behavioral_04_ChainOfResponsibility", "Behavioral_04_ChainOfResponsibility\Behavioral_04_ChainOfResponsibility.csproj", "{BB06B48F-493D-4DD5-863D-A351ED71D048}"
EndProject
Global
	GlobalSection(SolutionConfigurationPlatforms) = preSolution
		Debug|Any CPU = Debug|Any CPU
		Release|Any CPU = Release|Any CPU
	EndGlobalSection
	GlobalSection(ProjectConfigurationPlatforms) = postSolution
		{F3F601BF-C099-4D0D-80B8-795050AB1F9B}.Debug|Any CPU.ActiveCfg = Debug|Any CPU
		{F3F601BF-C099-4D0D-80B8-795050AB1F9B}.Debug|Any CPU.Build.0 = Debug|Any CPU
		{F3F601BF-C099-4D0D-80B8-795050AB1F9B}.Release|Any CPU.ActiveCfg = Release|Any CPU
		{F3F601BF-C099-4D0D-80B8-795050AB1F9B}.Release|Any CPU.Build.0 = Release|Any CPU
		{B8155E78-9BBB-47D3-98AC-25E556872C2D}.Debug|Any CPU.ActiveCfg = Debug|Any CPU
		{B8155E78-9BBB-47D3-98AC-25E556872C2D}.Debug|Any CPU.Build.0 = Debug|Any CPU
		{B8155E78-9BBB-47D3-98AC-25E556872C2D}.Release|Any CPU.ActiveCfg = Release|Any CPU
		{B8155E78-9BBB-47D3-98AC-25E556872C2D}.Release|Any CPU.Build.0 = Release|Any CPU
		{481C9C46-9AEF-45A0-BB1B-DB571070F1CF}.Debug|Any CPU.ActiveCfg = Debug|Any CPU
		{481C9C46-9AEF-45A0-BB1B-DB571070F1CF}.Debug|Any CPU.Build.0 = Debug|Any CPU
		{481C9C46-9AEF-45A0-BB1B-DB571070F1CF}.Release|Any CPU.ActiveCfg = Release|Any CPU
		{481C9C46-9AEF-45A0-BB1B-DB571070F1CF}.Release|Any CPU.Build.0 = Release|Any CPU
		{FD48D02D-4718-43CE-A0F8-EC1BD0E7A7E2}.Debug|Any CPU.ActiveCfg = Debug|Any CPU
		{FD48D02D-4718-43CE-A0F8-EC1BD0E7A7E2}.Debug|Any CPU.Build.0 = Debug|Any CPU
		{FD48D02D-4718-43CE-A0F8-EC1BD0E7A7E2}.Release|Any CPU.ActiveCfg = Release|Any CPU
		{FD48D02D-4718-43CE-A0F8-EC1BD0E7A7E2}.Release|Any CPU.Build.0 = Release|Any CPU
		{1147819A-2BED-4E77-9E0A-51C25A7E8807}.Debug|Any CPU.ActiveCfg = Debug|Any CPU
		{1147819A-2BED-4E77-9E0A-51C25A7E8807}.Debug|Any CPU.Build.0 = Debug|Any CPU
		{1147819A-2BED-4E77-9E0A-51C25A7E8807}.Release|Any CPU.ActiveCfg = Release|Any CPU
		{1147819A-2BED-4E77-9E0A-51C25A7E8807}.Release|Any CPU.Build.0 = Release|Any CPU
		{25DAA785-5F3B-4FA5-80C2-7F83113F0A9A}.Debug|Any CPU.ActiveCfg = Debug|Any CPU
		{25DAA785-5F3B-4FA5-80C2-7F83113F0A9A}.Debug|Any CPU.Build.0 = Debug|Any CPU
		{25DAA785-5F3B-4FA5-80C2-7F83113F0A9A}.Release|Any CPU.ActiveCfg = Release|Any CPU
		{25DAA785-5F3B-4FA5-80C2-7F83113F0A9A}.Release|Any CPU.Build.0 = Release|Any CPU
		{D1870820-3AA8-41C3-80F3-4874598874AD}.Debug|Any CPU.ActiveCfg = Debug|Any CPU
		{D1870820-3AA8-41C3-80F3-4874598874AD}.Debug|Any CPU.Build.0 = Debug|Any CPU
		{D1870820-3AA8-41C3-80F3-4874598874AD}.Release|Any CPU.ActiveCfg = Release|Any CPU
		{D1870820-3AA8-41C3-80F3-4874598874AD}.Release|Any CPU.Build.0 = Release|Any CPU
		{AA7FE867-D6BE-4091-9BD0-482473C5BDD0}.Debug|Any CPU.ActiveCfg = Debug|Any CPU
		{AA7FE867-D6BE-4091-9BD0-482473C5BDD0}.Debug|Any CPU.Build.0 = Debug|Any CPU
		{AA7FE867-D6BE-4091-9BD0-482473C5BDD0}.Release|Any CPU.ActiveCfg = Release|Any CPU
		{AA7FE867-D6BE-4091-9BD0-482473C5BDD0}.Release|Any CPU.Build.0 = Release|Any CPU
		{AB5C31E2-F136-45BF-BB7C-9D40DD664A9C}.Debug|Any CPU.ActiveCfg = Debug|Any CPU
		{AB5C31E2-F136-45BF-BB7C-9D40DD664A9C}.Debug|Any CPU.Build.0 = Debug|Any CPU
		{AB5C31E2-F136-45BF-BB7C-9D40DD664A9C}.Release|Any CPU.ActiveCfg = Release|Any CPU
		{AB5C31E2-F136-45BF-BB7C-9D40DD664A9C}.Release|Any CPU.Build.0 = Release|Any CPU
		{FE87921B-27D2-4117-B241-BB54A3CCCA4E}.Debug|Any CPU.ActiveCfg = Debug|Any CPU
		{FE87921B-27D2-4117-B241-BB54A3CCCA4E}.Debug|Any CPU.Build.0 = Debug|Any CPU
		{FE87921B-27D2-4117-B241-BB54A3CCCA4E}.Release|Any CPU.ActiveCfg = Release|Any CPU
		{FE87921B-27D2-4117-B241-BB54A3CCCA4E}.Release|Any CPU.Build.0 = Release|Any CPU
		{6F44E8D0-1E49-412E-B0D6-F65BAA2DCA11}.Debug|Any CPU.ActiveCfg = Debug|Any CPU
		{6F44E8D0-1E49-412E-B0D6-F65BAA2DCA11}.Debug|Any CPU.Build.0 = Debug|Any CPU
		{6F44E8D0-1E49-412E-B0D6-F65BAA2DCA11}.Release|Any CPU.ActiveCfg = Release|Any CPU
		{6F44E8D0-1E49-412E-B0D6-F65BAA2DCA11}.Release|Any CPU.Build.0 = Release|Any CPU
		{1E762FF2-A21E-42BB-8091-7DD108EFF941}.Debug|Any CPU.ActiveCfg = Debug|Any CPU
		{1E762FF2-A21E-42BB-8091-7DD108EFF941}.Debug|Any CPU.Build.0 = Debug|Any CPU
		{1E762FF2-A21E-42BB-8091-7DD108EFF941}.Release|Any CPU.ActiveCfg = Release|Any CPU
		{1E762FF2-A21E-42BB-8091-7DD108EFF941}.Release|Any CPU.Build.0 = Release|Any CPU
		{BB06B48F-493D-4DD5-863D-A351ED71D048}.Debug|Any CPU.ActiveCfg = Debug|Any CPU
		{BB06B48F-493D-4DD5-863D-A351ED71D048}.Debug|Any CPU.Build.0 = Debug|Any CPU
		{BB06B48F-493D-4DD5-863D-A351ED71D048}.Release|Any CPU.ActiveCfg = Release|Any CPU
		{BB06B48F-493D-4DD5-863D-A351ED71D048}.Release|Any CPU.Build.0 = Release|Any CPU
	EndGlobalSection
	GlobalSection(SolutionProperties) = preSolution
		HideSolutionNode = FALSE
	EndGlobalSection
	GlobalSection(ExtensibilityGlobals) = postSolution
		SolutionGuid = {7E2F0043-E87C-4487-8408-3943C4D8CD70}
	EndGlobalSection
EndGlobal
